// !$*UTF8*$!
{
	archiveVersion = 1;
	classes = {
	};
	objectVersion = 46;
	objects = {

/* Begin PBXBuildFile section */
		0E466B381DF85BDD00CE6C49 /* Kanagata.framework in Frameworks */ = {isa = PBXBuildFile; fileRef = 0E466B2E1DF85BDC00CE6C49 /* Kanagata.framework */; };
		0E466B3D1DF85BDD00CE6C49 /* KanagataTests.swift in Sources */ = {isa = PBXBuildFile; fileRef = 0E466B3C1DF85BDD00CE6C49 /* KanagataTests.swift */; };
		0E466B7C1DF8602E00CE6C49 /* JSON.swift in Sources */ = {isa = PBXBuildFile; fileRef = 0E466B7B1DF8602E00CE6C49 /* JSON.swift */; };
		0E88569D1DFB1674001FD2CB /* Kanagata.framework in Frameworks */ = {isa = PBXBuildFile; fileRef = 0E8856941DFB1674001FD2CB /* Kanagata.framework */; };
		0E8856AB1DFB16C5001FD2CB /* JSON.swift in Sources */ = {isa = PBXBuildFile; fileRef = 0E466B7B1DF8602E00CE6C49 /* JSON.swift */; };
		0E8856BA1DFB17B6001FD2CB /* Kanagata.framework in Frameworks */ = {isa = PBXBuildFile; fileRef = 0E8856B11DFB17B6001FD2CB /* Kanagata.framework */; };
		0E8856C81DFB1806001FD2CB /* JSON.swift in Sources */ = {isa = PBXBuildFile; fileRef = 0E466B7B1DF8602E00CE6C49 /* JSON.swift */; };
		0E8856D61DFB188E001FD2CB /* JSON.swift in Sources */ = {isa = PBXBuildFile; fileRef = 0E466B7B1DF8602E00CE6C49 /* JSON.swift */; };
/* End PBXBuildFile section */

/* Begin PBXContainerItemProxy section */
		0E466B391DF85BDD00CE6C49 /* PBXContainerItemProxy */ = {
			isa = PBXContainerItemProxy;
			containerPortal = 0E466B251DF85BDC00CE6C49 /* Project object */;
			proxyType = 1;
			remoteGlobalIDString = 0E466B2D1DF85BDC00CE6C49;
			remoteInfo = Kanagata;
		};
		0E88569E1DFB1674001FD2CB /* PBXContainerItemProxy */ = {
			isa = PBXContainerItemProxy;
			containerPortal = 0E466B251DF85BDC00CE6C49 /* Project object */;
			proxyType = 1;
			remoteGlobalIDString = 0E8856931DFB1674001FD2CB;
			remoteInfo = "Kanagata-macOS";
		};
		0E8856BB1DFB17B6001FD2CB /* PBXContainerItemProxy */ = {
			isa = PBXContainerItemProxy;
			containerPortal = 0E466B251DF85BDC00CE6C49 /* Project object */;
			proxyType = 1;
			remoteGlobalIDString = 0E8856B01DFB17B6001FD2CB;
			remoteInfo = "Kanagata-tvOS";
		};
/* End PBXContainerItemProxy section */

/* Begin PBXFileReference section */
		0E466B2E1DF85BDC00CE6C49 /* Kanagata.framework */ = {isa = PBXFileReference; explicitFileType = wrapper.framework; includeInIndex = 0; path = Kanagata.framework; sourceTree = BUILT_PRODUCTS_DIR; };
		0E466B321DF85BDC00CE6C49 /* Info.plist */ = {isa = PBXFileReference; lastKnownFileType = text.plist.xml; path = Info.plist; sourceTree = "<group>"; };
		0E466B371DF85BDD00CE6C49 /* KanagataTests-iOS.xctest */ = {isa = PBXFileReference; explicitFileType = wrapper.cfbundle; includeInIndex = 0; path = "KanagataTests-iOS.xctest"; sourceTree = BUILT_PRODUCTS_DIR; };
		0E466B3C1DF85BDD00CE6C49 /* KanagataTests.swift */ = {isa = PBXFileReference; lastKnownFileType = sourcecode.swift; path = KanagataTests.swift; sourceTree = "<group>"; };
		0E466B3E1DF85BDD00CE6C49 /* Info.plist */ = {isa = PBXFileReference; lastKnownFileType = text.plist.xml; path = Info.plist; sourceTree = "<group>"; };
		0E466B7B1DF8602E00CE6C49 /* JSON.swift */ = {isa = PBXFileReference; fileEncoding = 4; lastKnownFileType = sourcecode.swift; path = JSON.swift; sourceTree = "<group>"; };
		0E8856941DFB1674001FD2CB /* Kanagata.framework */ = {isa = PBXFileReference; explicitFileType = wrapper.framework; includeInIndex = 0; path = Kanagata.framework; sourceTree = BUILT_PRODUCTS_DIR; };
		0E88569C1DFB1674001FD2CB /* Kanagata.xctest */ = {isa = PBXFileReference; explicitFileType = wrapper.cfbundle; includeInIndex = 0; path = Kanagata.xctest; sourceTree = BUILT_PRODUCTS_DIR; };
		0E8856B11DFB17B6001FD2CB /* Kanagata.framework */ = {isa = PBXFileReference; explicitFileType = wrapper.framework; includeInIndex = 0; path = Kanagata.framework; sourceTree = BUILT_PRODUCTS_DIR; };
		0E8856B91DFB17B6001FD2CB /* Kanagata.xctest */ = {isa = PBXFileReference; explicitFileType = wrapper.cfbundle; includeInIndex = 0; path = Kanagata.xctest; sourceTree = BUILT_PRODUCTS_DIR; };
		0E8856CE1DFB184E001FD2CB /* Kanagata.framework */ = {isa = PBXFileReference; explicitFileType = wrapper.framework; includeInIndex = 0; path = Kanagata.framework; sourceTree = BUILT_PRODUCTS_DIR; };
/* End PBXFileReference section */

/* Begin PBXFrameworksBuildPhase section */
		0E466B2A1DF85BDC00CE6C49 /* Frameworks */ = {
			isa = PBXFrameworksBuildPhase;
			buildActionMask = 2147483647;
			files = (
			);
			runOnlyForDeploymentPostprocessing = 0;
		};
		0E466B341DF85BDD00CE6C49 /* Frameworks */ = {
			isa = PBXFrameworksBuildPhase;
			buildActionMask = 2147483647;
			files = (
				0E466B381DF85BDD00CE6C49 /* Kanagata.framework in Frameworks */,
			);
			runOnlyForDeploymentPostprocessing = 0;
		};
		0E8856901DFB1674001FD2CB /* Frameworks */ = {
			isa = PBXFrameworksBuildPhase;
			buildActionMask = 2147483647;
			files = (
			);
			runOnlyForDeploymentPostprocessing = 0;
		};
		0E8856991DFB1674001FD2CB /* Frameworks */ = {
			isa = PBXFrameworksBuildPhase;
			buildActionMask = 2147483647;
			files = (
				0E88569D1DFB1674001FD2CB /* Kanagata.framework in Frameworks */,
			);
			runOnlyForDeploymentPostprocessing = 0;
		};
		0E8856AD1DFB17B6001FD2CB /* Frameworks */ = {
			isa = PBXFrameworksBuildPhase;
			buildActionMask = 2147483647;
			files = (
			);
			runOnlyForDeploymentPostprocessing = 0;
		};
		0E8856B61DFB17B6001FD2CB /* Frameworks */ = {
			isa = PBXFrameworksBuildPhase;
			buildActionMask = 2147483647;
			files = (
				0E8856BA1DFB17B6001FD2CB /* Kanagata.framework in Frameworks */,
			);
			runOnlyForDeploymentPostprocessing = 0;
		};
		0E8856CA1DFB184E001FD2CB /* Frameworks */ = {
			isa = PBXFrameworksBuildPhase;
			buildActionMask = 2147483647;
			files = (
			);
			runOnlyForDeploymentPostprocessing = 0;
		};
/* End PBXFrameworksBuildPhase section */

/* Begin PBXGroup section */
		0E466B241DF85BDC00CE6C49 = {
			isa = PBXGroup;
			children = (
				0E466B301DF85BDC00CE6C49 /* Kanagata */,
				0E466B3B1DF85BDD00CE6C49 /* KanagataTests */,
				0E466B2F1DF85BDC00CE6C49 /* Products */,
			);
			sourceTree = "<group>";
		};
		0E466B2F1DF85BDC00CE6C49 /* Products */ = {
			isa = PBXGroup;
			children = (
				0E466B2E1DF85BDC00CE6C49 /* Kanagata.framework */,
				0E466B371DF85BDD00CE6C49 /* KanagataTests-iOS.xctest */,
				0E8856941DFB1674001FD2CB /* Kanagata.framework */,
				0E88569C1DFB1674001FD2CB /* Kanagata.xctest */,
				0E8856B11DFB17B6001FD2CB /* Kanagata.framework */,
				0E8856B91DFB17B6001FD2CB /* Kanagata.xctest */,
				0E8856CE1DFB184E001FD2CB /* Kanagata.framework */,
			);
			name = Products;
			sourceTree = "<group>";
		};
		0E466B301DF85BDC00CE6C49 /* Kanagata */ = {
			isa = PBXGroup;
			children = (
				0E466B321DF85BDC00CE6C49 /* Info.plist */,
				0E466B7B1DF8602E00CE6C49 /* JSON.swift */,
			);
			path = Kanagata;
			sourceTree = "<group>";
		};
		0E466B3B1DF85BDD00CE6C49 /* KanagataTests */ = {
			isa = PBXGroup;
			children = (
				0E466B3C1DF85BDD00CE6C49 /* KanagataTests.swift */,
				0E466B3E1DF85BDD00CE6C49 /* Info.plist */,
			);
			path = KanagataTests;
			sourceTree = "<group>";
		};
/* End PBXGroup section */

/* Begin PBXHeadersBuildPhase section */
		0E466B2B1DF85BDC00CE6C49 /* Headers */ = {
			isa = PBXHeadersBuildPhase;
			buildActionMask = 2147483647;
			files = (
			);
			runOnlyForDeploymentPostprocessing = 0;
		};
		0E8856911DFB1674001FD2CB /* Headers */ = {
			isa = PBXHeadersBuildPhase;
			buildActionMask = 2147483647;
			files = (
			);
			runOnlyForDeploymentPostprocessing = 0;
		};
		0E8856AE1DFB17B6001FD2CB /* Headers */ = {
			isa = PBXHeadersBuildPhase;
			buildActionMask = 2147483647;
			files = (
			);
			runOnlyForDeploymentPostprocessing = 0;
		};
		0E8856CB1DFB184E001FD2CB /* Headers */ = {
			isa = PBXHeadersBuildPhase;
			buildActionMask = 2147483647;
			files = (
			);
			runOnlyForDeploymentPostprocessing = 0;
		};
/* End PBXHeadersBuildPhase section */

/* Begin PBXNativeTarget section */
		0E466B2D1DF85BDC00CE6C49 /* Kanagata-iOS */ = {
			isa = PBXNativeTarget;
			buildConfigurationList = 0E466B421DF85BDD00CE6C49 /* Build configuration list for PBXNativeTarget "Kanagata-iOS" */;
			buildPhases = (
				0E466B7D1DF9931000CE6C49 /* ShellScript */,
				0E466B291DF85BDC00CE6C49 /* Sources */,
				0E466B2A1DF85BDC00CE6C49 /* Frameworks */,
				0E466B2B1DF85BDC00CE6C49 /* Headers */,
				0E466B2C1DF85BDC00CE6C49 /* Resources */,
			);
			buildRules = (
			);
			dependencies = (
			);
			name = "Kanagata-iOS";
			productName = Kanagata;
			productReference = 0E466B2E1DF85BDC00CE6C49 /* Kanagata.framework */;
			productType = "com.apple.product-type.framework";
		};
		0E466B361DF85BDD00CE6C49 /* KanagataTests-iOS */ = {
			isa = PBXNativeTarget;
			buildConfigurationList = 0E466B451DF85BDD00CE6C49 /* Build configuration list for PBXNativeTarget "KanagataTests-iOS" */;
			buildPhases = (
				0E466B331DF85BDD00CE6C49 /* Sources */,
				0E466B341DF85BDD00CE6C49 /* Frameworks */,
				0E466B351DF85BDD00CE6C49 /* Resources */,
			);
			buildRules = (
			);
			dependencies = (
				0E466B3A1DF85BDD00CE6C49 /* PBXTargetDependency */,
			);
			name = "KanagataTests-iOS";
			productName = KanagataTests;
			productReference = 0E466B371DF85BDD00CE6C49 /* KanagataTests-iOS.xctest */;
			productType = "com.apple.product-type.bundle.unit-test";
		};
		0E8856931DFB1674001FD2CB /* Kanagata-macOS */ = {
			isa = PBXNativeTarget;
			buildConfigurationList = 0E8856A51DFB1674001FD2CB /* Build configuration list for PBXNativeTarget "Kanagata-macOS" */;
			buildPhases = (
				0E88568F1DFB1674001FD2CB /* Sources */,
				0E8856901DFB1674001FD2CB /* Frameworks */,
				0E8856911DFB1674001FD2CB /* Headers */,
				0E8856921DFB1674001FD2CB /* Resources */,
			);
			buildRules = (
			);
			dependencies = (
			);
			name = "Kanagata-macOS";
			productName = "Kanagata-macOS";
			productReference = 0E8856941DFB1674001FD2CB /* Kanagata.framework */;
			productType = "com.apple.product-type.framework";
		};
		0E88569B1DFB1674001FD2CB /* Kanagata-macOSTests */ = {
			isa = PBXNativeTarget;
			buildConfigurationList = 0E8856A81DFB1674001FD2CB /* Build configuration list for PBXNativeTarget "Kanagata-macOSTests" */;
			buildPhases = (
				0E8856981DFB1674001FD2CB /* Sources */,
				0E8856991DFB1674001FD2CB /* Frameworks */,
				0E88569A1DFB1674001FD2CB /* Resources */,
			);
			buildRules = (
			);
			dependencies = (
				0E88569F1DFB1674001FD2CB /* PBXTargetDependency */,
			);
			name = "Kanagata-macOSTests";
			productName = "Kanagata-macOSTests";
			productReference = 0E88569C1DFB1674001FD2CB /* Kanagata.xctest */;
			productType = "com.apple.product-type.bundle.unit-test";
		};
		0E8856B01DFB17B6001FD2CB /* Kanagata-tvOS */ = {
			isa = PBXNativeTarget;
			buildConfigurationList = 0E8856C21DFB17B6001FD2CB /* Build configuration list for PBXNativeTarget "Kanagata-tvOS" */;
			buildPhases = (
				0E8856AC1DFB17B6001FD2CB /* Sources */,
				0E8856AD1DFB17B6001FD2CB /* Frameworks */,
				0E8856AE1DFB17B6001FD2CB /* Headers */,
				0E8856AF1DFB17B6001FD2CB /* Resources */,
			);
			buildRules = (
			);
			dependencies = (
			);
			name = "Kanagata-tvOS";
			productName = "Kanagata-tvOS";
			productReference = 0E8856B11DFB17B6001FD2CB /* Kanagata.framework */;
			productType = "com.apple.product-type.framework";
		};
		0E8856B81DFB17B6001FD2CB /* Kanagata-tvOSTests */ = {
			isa = PBXNativeTarget;
			buildConfigurationList = 0E8856C51DFB17B6001FD2CB /* Build configuration list for PBXNativeTarget "Kanagata-tvOSTests" */;
			buildPhases = (
				0E8856B51DFB17B6001FD2CB /* Sources */,
				0E8856B61DFB17B6001FD2CB /* Frameworks */,
				0E8856B71DFB17B6001FD2CB /* Resources */,
			);
			buildRules = (
			);
			dependencies = (
				0E8856BC1DFB17B6001FD2CB /* PBXTargetDependency */,
			);
			name = "Kanagata-tvOSTests";
			productName = "Kanagata-tvOSTests";
			productReference = 0E8856B91DFB17B6001FD2CB /* Kanagata.xctest */;
			productType = "com.apple.product-type.bundle.unit-test";
		};
		0E8856CD1DFB184E001FD2CB /* Kanagata-watchOS */ = {
			isa = PBXNativeTarget;
			buildConfigurationList = 0E8856D31DFB184E001FD2CB /* Build configuration list for PBXNativeTarget "Kanagata-watchOS" */;
			buildPhases = (
				0E8856C91DFB184E001FD2CB /* Sources */,
				0E8856CA1DFB184E001FD2CB /* Frameworks */,
				0E8856CB1DFB184E001FD2CB /* Headers */,
				0E8856CC1DFB184E001FD2CB /* Resources */,
			);
			buildRules = (
			);
			dependencies = (
			);
			name = "Kanagata-watchOS";
			productName = "Kanagata-watchOS";
			productReference = 0E8856CE1DFB184E001FD2CB /* Kanagata.framework */;
			productType = "com.apple.product-type.framework";
		};
/* End PBXNativeTarget section */

/* Begin PBXProject section */
		0E466B251DF85BDC00CE6C49 /* Project object */ = {
			isa = PBXProject;
			attributes = {
				LastSwiftUpdateCheck = 0810;
				LastUpgradeCheck = 0900;
				ORGANIZATIONNAME = M.Ike;
				TargetAttributes = {
					0E466B2D1DF85BDC00CE6C49 = {
						CreatedOnToolsVersion = 8.1;
						LastSwiftMigration = 0900;
						ProvisioningStyle = Manual;
					};
					0E466B361DF85BDD00CE6C49 = {
						CreatedOnToolsVersion = 8.1;
						LastSwiftMigration = 0900;
						ProvisioningStyle = Manual;
					};
					0E8856931DFB1674001FD2CB = {
						CreatedOnToolsVersion = 8.1;
						ProvisioningStyle = Manual;
					};
					0E88569B1DFB1674001FD2CB = {
						CreatedOnToolsVersion = 8.1;
						DevelopmentTeam = ZA482485NV;
						ProvisioningStyle = Automatic;
					};
					0E8856B01DFB17B6001FD2CB = {
						CreatedOnToolsVersion = 8.1;
						ProvisioningStyle = Manual;
					};
					0E8856B81DFB17B6001FD2CB = {
						CreatedOnToolsVersion = 8.1;
						DevelopmentTeam = ZA482485NV;
						ProvisioningStyle = Automatic;
					};
					0E8856CD1DFB184E001FD2CB = {
						CreatedOnToolsVersion = 8.1;
						ProvisioningStyle = Manual;
					};
				};
			};
			buildConfigurationList = 0E466B281DF85BDC00CE6C49 /* Build configuration list for PBXProject "Kanagata" */;
			compatibilityVersion = "Xcode 3.2";
			developmentRegion = English;
			hasScannedForEncodings = 0;
			knownRegions = (
				en,
			);
			mainGroup = 0E466B241DF85BDC00CE6C49;
			productRefGroup = 0E466B2F1DF85BDC00CE6C49 /* Products */;
			projectDirPath = "";
			projectRoot = "";
			targets = (
				0E466B2D1DF85BDC00CE6C49 /* Kanagata-iOS */,
				0E466B361DF85BDD00CE6C49 /* KanagataTests-iOS */,
				0E8856931DFB1674001FD2CB /* Kanagata-macOS */,
				0E88569B1DFB1674001FD2CB /* Kanagata-macOSTests */,
				0E8856B01DFB17B6001FD2CB /* Kanagata-tvOS */,
				0E8856B81DFB17B6001FD2CB /* Kanagata-tvOSTests */,
				0E8856CD1DFB184E001FD2CB /* Kanagata-watchOS */,
			);
		};
/* End PBXProject section */

/* Begin PBXResourcesBuildPhase section */
		0E466B2C1DF85BDC00CE6C49 /* Resources */ = {
			isa = PBXResourcesBuildPhase;
			buildActionMask = 2147483647;
			files = (
			);
			runOnlyForDeploymentPostprocessing = 0;
		};
		0E466B351DF85BDD00CE6C49 /* Resources */ = {
			isa = PBXResourcesBuildPhase;
			buildActionMask = 2147483647;
			files = (
			);
			runOnlyForDeploymentPostprocessing = 0;
		};
		0E8856921DFB1674001FD2CB /* Resources */ = {
			isa = PBXResourcesBuildPhase;
			buildActionMask = 2147483647;
			files = (
			);
			runOnlyForDeploymentPostprocessing = 0;
		};
		0E88569A1DFB1674001FD2CB /* Resources */ = {
			isa = PBXResourcesBuildPhase;
			buildActionMask = 2147483647;
			files = (
			);
			runOnlyForDeploymentPostprocessing = 0;
		};
		0E8856AF1DFB17B6001FD2CB /* Resources */ = {
			isa = PBXResourcesBuildPhase;
			buildActionMask = 2147483647;
			files = (
			);
			runOnlyForDeploymentPostprocessing = 0;
		};
		0E8856B71DFB17B6001FD2CB /* Resources */ = {
			isa = PBXResourcesBuildPhase;
			buildActionMask = 2147483647;
			files = (
			);
			runOnlyForDeploymentPostprocessing = 0;
		};
		0E8856CC1DFB184E001FD2CB /* Resources */ = {
			isa = PBXResourcesBuildPhase;
			buildActionMask = 2147483647;
			files = (
			);
			runOnlyForDeploymentPostprocessing = 0;
		};
/* End PBXResourcesBuildPhase section */

/* Begin PBXShellScriptBuildPhase section */
		0E466B7D1DF9931000CE6C49 /* ShellScript */ = {
			isa = PBXShellScriptBuildPhase;
			buildActionMask = 2147483647;
			files = (
			);
			inputPaths = (
			);
			outputPaths = (
			);
			runOnlyForDeploymentPostprocessing = 0;
			shellPath = /bin/sh;
			shellScript = "if which swiftlint >/dev/null; then\nswiftlint autocorrect\nswiftlint\nelse\necho \"warning: SwiftLint not installed, download from https://github.com/realm/SwiftLint\"\nfi";
		};
/* End PBXShellScriptBuildPhase section */

/* Begin PBXSourcesBuildPhase section */
		0E466B291DF85BDC00CE6C49 /* Sources */ = {
			isa = PBXSourcesBuildPhase;
			buildActionMask = 2147483647;
			files = (
				0E466B7C1DF8602E00CE6C49 /* JSON.swift in Sources */,
			);
			runOnlyForDeploymentPostprocessing = 0;
		};
		0E466B331DF85BDD00CE6C49 /* Sources */ = {
			isa = PBXSourcesBuildPhase;
			buildActionMask = 2147483647;
			files = (
				0E466B3D1DF85BDD00CE6C49 /* KanagataTests.swift in Sources */,
			);
			runOnlyForDeploymentPostprocessing = 0;
		};
		0E88568F1DFB1674001FD2CB /* Sources */ = {
			isa = PBXSourcesBuildPhase;
			buildActionMask = 2147483647;
			files = (
				0E8856AB1DFB16C5001FD2CB /* JSON.swift in Sources */,
			);
			runOnlyForDeploymentPostprocessing = 0;
		};
		0E8856981DFB1674001FD2CB /* Sources */ = {
			isa = PBXSourcesBuildPhase;
			buildActionMask = 2147483647;
			files = (
			);
			runOnlyForDeploymentPostprocessing = 0;
		};
		0E8856AC1DFB17B6001FD2CB /* Sources */ = {
			isa = PBXSourcesBuildPhase;
			buildActionMask = 2147483647;
			files = (
				0E8856C81DFB1806001FD2CB /* JSON.swift in Sources */,
			);
			runOnlyForDeploymentPostprocessing = 0;
		};
		0E8856B51DFB17B6001FD2CB /* Sources */ = {
			isa = PBXSourcesBuildPhase;
			buildActionMask = 2147483647;
			files = (
			);
			runOnlyForDeploymentPostprocessing = 0;
		};
		0E8856C91DFB184E001FD2CB /* Sources */ = {
			isa = PBXSourcesBuildPhase;
			buildActionMask = 2147483647;
			files = (
				0E8856D61DFB188E001FD2CB /* JSON.swift in Sources */,
			);
			runOnlyForDeploymentPostprocessing = 0;
		};
/* End PBXSourcesBuildPhase section */

/* Begin PBXTargetDependency section */
		0E466B3A1DF85BDD00CE6C49 /* PBXTargetDependency */ = {
			isa = PBXTargetDependency;
			target = 0E466B2D1DF85BDC00CE6C49 /* Kanagata-iOS */;
			targetProxy = 0E466B391DF85BDD00CE6C49 /* PBXContainerItemProxy */;
		};
		0E88569F1DFB1674001FD2CB /* PBXTargetDependency */ = {
			isa = PBXTargetDependency;
			target = 0E8856931DFB1674001FD2CB /* Kanagata-macOS */;
			targetProxy = 0E88569E1DFB1674001FD2CB /* PBXContainerItemProxy */;
		};
		0E8856BC1DFB17B6001FD2CB /* PBXTargetDependency */ = {
			isa = PBXTargetDependency;
			target = 0E8856B01DFB17B6001FD2CB /* Kanagata-tvOS */;
			targetProxy = 0E8856BB1DFB17B6001FD2CB /* PBXContainerItemProxy */;
		};
/* End PBXTargetDependency section */

/* Begin XCBuildConfiguration section */
		0E466B401DF85BDD00CE6C49 /* Debug */ = {
			isa = XCBuildConfiguration;
			buildSettings = {
				ALWAYS_SEARCH_USER_PATHS = NO;
				CLANG_ANALYZER_NONNULL = YES;
				CLANG_CXX_LANGUAGE_STANDARD = "gnu++0x";
				CLANG_CXX_LIBRARY = "libc++";
				CLANG_ENABLE_MODULES = YES;
				CLANG_ENABLE_OBJC_ARC = YES;
				CLANG_WARN_BLOCK_CAPTURE_AUTORELEASING = YES;
				CLANG_WARN_BOOL_CONVERSION = YES;
				CLANG_WARN_COMMA = YES;
				CLANG_WARN_CONSTANT_CONVERSION = YES;
				CLANG_WARN_DIRECT_OBJC_ISA_USAGE = YES_ERROR;
				CLANG_WARN_DOCUMENTATION_COMMENTS = YES;
				CLANG_WARN_EMPTY_BODY = YES;
				CLANG_WARN_ENUM_CONVERSION = YES;
				CLANG_WARN_INFINITE_RECURSION = YES;
				CLANG_WARN_INT_CONVERSION = YES;
				CLANG_WARN_NON_LITERAL_NULL_CONVERSION = YES;
				CLANG_WARN_OBJC_LITERAL_CONVERSION = YES;
				CLANG_WARN_OBJC_ROOT_CLASS = YES_ERROR;
				CLANG_WARN_RANGE_LOOP_ANALYSIS = YES;
				CLANG_WARN_STRICT_PROTOTYPES = YES;
				CLANG_WARN_SUSPICIOUS_MOVE = YES;
				CLANG_WARN_SUSPICIOUS_MOVES = YES;
				CLANG_WARN_UNREACHABLE_CODE = YES;
				CLANG_WARN__DUPLICATE_METHOD_MATCH = YES;
				"CODE_SIGN_IDENTITY[sdk=iphoneos*]" = "iPhone Developer";
				COPY_PHASE_STRIP = NO;
				CURRENT_PROJECT_VERSION = 1;
				DEBUG_INFORMATION_FORMAT = dwarf;
				ENABLE_STRICT_OBJC_MSGSEND = YES;
				ENABLE_TESTABILITY = YES;
				GCC_C_LANGUAGE_STANDARD = gnu99;
				GCC_DYNAMIC_NO_PIC = NO;
				GCC_NO_COMMON_BLOCKS = YES;
				GCC_OPTIMIZATION_LEVEL = 0;
				GCC_PREPROCESSOR_DEFINITIONS = (
					"DEBUG=1",
					"$(inherited)",
				);
				GCC_WARN_64_TO_32_BIT_CONVERSION = YES;
				GCC_WARN_ABOUT_RETURN_TYPE = YES_ERROR;
				GCC_WARN_UNDECLARED_SELECTOR = YES;
				GCC_WARN_UNINITIALIZED_AUTOS = YES_AGGRESSIVE;
				GCC_WARN_UNUSED_FUNCTION = YES;
				GCC_WARN_UNUSED_VARIABLE = YES;
				IPHONEOS_DEPLOYMENT_TARGET = 8.0;
				MTL_ENABLE_DEBUG_INFO = YES;
				ONLY_ACTIVE_ARCH = YES;
				SDKROOT = iphoneos;
				SWIFT_ACTIVE_COMPILATION_CONDITIONS = DEBUG;
				SWIFT_OPTIMIZATION_LEVEL = "-Onone";
				SWIFT_SWIFT3_OBJC_INFERENCE = Default;
				TARGETED_DEVICE_FAMILY = "1,2";
				VERSIONING_SYSTEM = "apple-generic";
				VERSION_INFO_PREFIX = "";
			};
			name = Debug;
		};
		0E466B411DF85BDD00CE6C49 /* Release */ = {
			isa = XCBuildConfiguration;
			buildSettings = {
				ALWAYS_SEARCH_USER_PATHS = NO;
				CLANG_ANALYZER_NONNULL = YES;
				CLANG_CXX_LANGUAGE_STANDARD = "gnu++0x";
				CLANG_CXX_LIBRARY = "libc++";
				CLANG_ENABLE_MODULES = YES;
				CLANG_ENABLE_OBJC_ARC = YES;
				CLANG_WARN_BLOCK_CAPTURE_AUTORELEASING = YES;
				CLANG_WARN_BOOL_CONVERSION = YES;
				CLANG_WARN_COMMA = YES;
				CLANG_WARN_CONSTANT_CONVERSION = YES;
				CLANG_WARN_DIRECT_OBJC_ISA_USAGE = YES_ERROR;
				CLANG_WARN_DOCUMENTATION_COMMENTS = YES;
				CLANG_WARN_EMPTY_BODY = YES;
				CLANG_WARN_ENUM_CONVERSION = YES;
				CLANG_WARN_INFINITE_RECURSION = YES;
				CLANG_WARN_INT_CONVERSION = YES;
				CLANG_WARN_NON_LITERAL_NULL_CONVERSION = YES;
				CLANG_WARN_OBJC_LITERAL_CONVERSION = YES;
				CLANG_WARN_OBJC_ROOT_CLASS = YES_ERROR;
				CLANG_WARN_RANGE_LOOP_ANALYSIS = YES;
				CLANG_WARN_STRICT_PROTOTYPES = YES;
				CLANG_WARN_SUSPICIOUS_MOVE = YES;
				CLANG_WARN_SUSPICIOUS_MOVES = YES;
				CLANG_WARN_UNREACHABLE_CODE = YES;
				CLANG_WARN__DUPLICATE_METHOD_MATCH = YES;
				"CODE_SIGN_IDENTITY[sdk=iphoneos*]" = "iPhone Developer";
				COPY_PHASE_STRIP = NO;
				CURRENT_PROJECT_VERSION = 1;
				DEBUG_INFORMATION_FORMAT = "dwarf-with-dsym";
				ENABLE_NS_ASSERTIONS = NO;
				ENABLE_STRICT_OBJC_MSGSEND = YES;
				GCC_C_LANGUAGE_STANDARD = gnu99;
				GCC_NO_COMMON_BLOCKS = YES;
				GCC_WARN_64_TO_32_BIT_CONVERSION = YES;
				GCC_WARN_ABOUT_RETURN_TYPE = YES_ERROR;
				GCC_WARN_UNDECLARED_SELECTOR = YES;
				GCC_WARN_UNINITIALIZED_AUTOS = YES_AGGRESSIVE;
				GCC_WARN_UNUSED_FUNCTION = YES;
				GCC_WARN_UNUSED_VARIABLE = YES;
				IPHONEOS_DEPLOYMENT_TARGET = 8.0;
				MTL_ENABLE_DEBUG_INFO = NO;
				SDKROOT = iphoneos;
				SWIFT_OPTIMIZATION_LEVEL = "-Owholemodule";
				SWIFT_SWIFT3_OBJC_INFERENCE = Default;
				TARGETED_DEVICE_FAMILY = "1,2";
				VALIDATE_PRODUCT = YES;
				VERSIONING_SYSTEM = "apple-generic";
				VERSION_INFO_PREFIX = "";
			};
			name = Release;
		};
		0E466B431DF85BDD00CE6C49 /* Debug */ = {
			isa = XCBuildConfiguration;
			buildSettings = {
				CLANG_ENABLE_MODULES = YES;
				CODE_SIGN_IDENTITY = "";
				DEFINES_MODULE = YES;
				DEVELOPMENT_TEAM = "";
				DYLIB_COMPATIBILITY_VERSION = 1;
				DYLIB_CURRENT_VERSION = 1;
				DYLIB_INSTALL_NAME_BASE = "@rpath";
				INFOPLIST_FILE = Kanagata/Info.plist;
				INSTALL_PATH = "$(LOCAL_LIBRARY_DIR)/Frameworks";
				LD_RUNPATH_SEARCH_PATHS = "$(inherited) @executable_path/Frameworks @loader_path/Frameworks";
				PRODUCT_BUNDLE_IDENTIFIER = "com.mikeneko-app.Kanagata";
				PRODUCT_NAME = "$(PROJECT_NAME)";
				SKIP_INSTALL = YES;
				SWIFT_OPTIMIZATION_LEVEL = "-Onone";
				SWIFT_VERSION = 4.0;
			};
			name = Debug;
		};
		0E466B441DF85BDD00CE6C49 /* Release */ = {
			isa = XCBuildConfiguration;
			buildSettings = {
				CLANG_ENABLE_MODULES = YES;
				CODE_SIGN_IDENTITY = "";
				DEFINES_MODULE = YES;
				DEVELOPMENT_TEAM = "";
				DYLIB_COMPATIBILITY_VERSION = 1;
				DYLIB_CURRENT_VERSION = 1;
				DYLIB_INSTALL_NAME_BASE = "@rpath";
				INFOPLIST_FILE = Kanagata/Info.plist;
				INSTALL_PATH = "$(LOCAL_LIBRARY_DIR)/Frameworks";
				LD_RUNPATH_SEARCH_PATHS = "$(inherited) @executable_path/Frameworks @loader_path/Frameworks";
				PRODUCT_BUNDLE_IDENTIFIER = "com.mikeneko-app.Kanagata";
				PRODUCT_NAME = "$(PROJECT_NAME)";
				SKIP_INSTALL = YES;
				SWIFT_VERSION = 4.0;
			};
			name = Release;
		};
		0E466B461DF85BDD00CE6C49 /* Debug */ = {
			isa = XCBuildConfiguration;
			buildSettings = {
				ALWAYS_EMBED_SWIFT_STANDARD_LIBRARIES = YES;
				DEVELOPMENT_TEAM = "";
				INFOPLIST_FILE = KanagataTests/Info.plist;
				LD_RUNPATH_SEARCH_PATHS = "$(inherited) @executable_path/Frameworks @loader_path/Frameworks";
				PRODUCT_BUNDLE_IDENTIFIER = "com.mikeneko-app.KanagataTests";
				PRODUCT_NAME = "$(TARGET_NAME)";
				SWIFT_VERSION = 4.0;
			};
			name = Debug;
		};
		0E466B471DF85BDD00CE6C49 /* Release */ = {
			isa = XCBuildConfiguration;
			buildSettings = {
				ALWAYS_EMBED_SWIFT_STANDARD_LIBRARIES = YES;
				DEVELOPMENT_TEAM = "";
				INFOPLIST_FILE = KanagataTests/Info.plist;
				LD_RUNPATH_SEARCH_PATHS = "$(inherited) @executable_path/Frameworks @loader_path/Frameworks";
				PRODUCT_BUNDLE_IDENTIFIER = "com.mikeneko-app.KanagataTests";
				PRODUCT_NAME = "$(TARGET_NAME)";
				SWIFT_VERSION = 4.0;
			};
			name = Release;
		};
		0E8856A61DFB1674001FD2CB /* Debug */ = {
			isa = XCBuildConfiguration;
			buildSettings = {
				CODE_SIGN_IDENTITY = "-";
				COMBINE_HIDPI_IMAGES = YES;
				DEFINES_MODULE = YES;
				DEVELOPMENT_TEAM = "";
				DYLIB_COMPATIBILITY_VERSION = 1;
				DYLIB_CURRENT_VERSION = 1;
				DYLIB_INSTALL_NAME_BASE = "@rpath";
				FRAMEWORK_VERSION = A;
				INFOPLIST_FILE = "$(SRCROOT)/Kanagata/Info.plist";
				INSTALL_PATH = "$(LOCAL_LIBRARY_DIR)/Frameworks";
				LD_RUNPATH_SEARCH_PATHS = "$(inherited) @executable_path/../Frameworks @loader_path/Frameworks";
				MACOSX_DEPLOYMENT_TARGET = 10.10;
				PRODUCT_BUNDLE_IDENTIFIER = "com.mikeneko-app.Kanagata";
				PRODUCT_NAME = "$(PROJECT_NAME)";
				SDKROOT = macosx;
				SKIP_INSTALL = YES;
				SWIFT_VERSION = 3.0;
			};
			name = Debug;
		};
		0E8856A71DFB1674001FD2CB /* Release */ = {
			isa = XCBuildConfiguration;
			buildSettings = {
				CODE_SIGN_IDENTITY = "-";
				COMBINE_HIDPI_IMAGES = YES;
				DEFINES_MODULE = YES;
				DEVELOPMENT_TEAM = "";
				DYLIB_COMPATIBILITY_VERSION = 1;
				DYLIB_CURRENT_VERSION = 1;
				DYLIB_INSTALL_NAME_BASE = "@rpath";
				FRAMEWORK_VERSION = A;
				INFOPLIST_FILE = "$(SRCROOT)/Kanagata/Info.plist";
				INSTALL_PATH = "$(LOCAL_LIBRARY_DIR)/Frameworks";
				LD_RUNPATH_SEARCH_PATHS = "$(inherited) @executable_path/../Frameworks @loader_path/Frameworks";
				MACOSX_DEPLOYMENT_TARGET = 10.10;
				PRODUCT_BUNDLE_IDENTIFIER = "com.mikeneko-app.Kanagata";
				PRODUCT_NAME = "$(PROJECT_NAME)";
				SDKROOT = macosx;
				SKIP_INSTALL = YES;
				SWIFT_VERSION = 3.0;
			};
			name = Release;
		};
		0E8856A91DFB1674001FD2CB /* Debug */ = {
			isa = XCBuildConfiguration;
			buildSettings = {
				ALWAYS_EMBED_SWIFT_STANDARD_LIBRARIES = YES;
				CODE_SIGN_IDENTITY = "-";
				COMBINE_HIDPI_IMAGES = YES;
				DEVELOPMENT_TEAM = ZA482485NV;
				INFOPLIST_FILE = KanagataTests/Info.plist;
				LD_RUNPATH_SEARCH_PATHS = "$(inherited) @executable_path/../Frameworks @loader_path/../Frameworks";
				MACOSX_DEPLOYMENT_TARGET = 10.12;
				PRODUCT_BUNDLE_IDENTIFIER = "com.mikeneko-app.Kanagata";
				PRODUCT_NAME = "$(PROJECT_NAME)";
				SDKROOT = macosx;
				SWIFT_VERSION = 3.0;
			};
			name = Debug;
		};
		0E8856AA1DFB1674001FD2CB /* Release */ = {
			isa = XCBuildConfiguration;
			buildSettings = {
				ALWAYS_EMBED_SWIFT_STANDARD_LIBRARIES = YES;
				CODE_SIGN_IDENTITY = "-";
				COMBINE_HIDPI_IMAGES = YES;
				DEVELOPMENT_TEAM = ZA482485NV;
				INFOPLIST_FILE = KanagataTests/Info.plist;
				LD_RUNPATH_SEARCH_PATHS = "$(inherited) @executable_path/../Frameworks @loader_path/../Frameworks";
				MACOSX_DEPLOYMENT_TARGET = 10.12;
				PRODUCT_BUNDLE_IDENTIFIER = "com.mikeneko-app.Kanagata";
				PRODUCT_NAME = "$(PROJECT_NAME)";
				SDKROOT = macosx;
				SWIFT_VERSION = 3.0;
			};
			name = Release;
		};
		0E8856C31DFB17B6001FD2CB /* Debug */ = {
			isa = XCBuildConfiguration;
			buildSettings = {
				CODE_SIGN_IDENTITY = "";
				DEFINES_MODULE = YES;
				DEVELOPMENT_TEAM = "";
				DYLIB_COMPATIBILITY_VERSION = 1;
				DYLIB_CURRENT_VERSION = 1;
				DYLIB_INSTALL_NAME_BASE = "@rpath";
				INFOPLIST_FILE = "$(SRCROOT)/Kanagata/Info.plist";
				INSTALL_PATH = "$(LOCAL_LIBRARY_DIR)/Frameworks";
				LD_RUNPATH_SEARCH_PATHS = "$(inherited) @executable_path/Frameworks @loader_path/Frameworks";
				PRODUCT_BUNDLE_IDENTIFIER = "com.mikeneko-app.Kanagata";
				PRODUCT_NAME = "$(PROJECT_NAME)";
				SDKROOT = appletvos;
				SKIP_INSTALL = YES;
				SWIFT_VERSION = 3.0;
				TARGETED_DEVICE_FAMILY = 3;
				TVOS_DEPLOYMENT_TARGET = 9.0;
			};
			name = Debug;
		};
		0E8856C41DFB17B6001FD2CB /* Release */ = {
			isa = XCBuildConfiguration;
			buildSettings = {
				CODE_SIGN_IDENTITY = "";
				DEFINES_MODULE = YES;
				DEVELOPMENT_TEAM = "";
				DYLIB_COMPATIBILITY_VERSION = 1;
				DYLIB_CURRENT_VERSION = 1;
				DYLIB_INSTALL_NAME_BASE = "@rpath";
				INFOPLIST_FILE = "$(SRCROOT)/Kanagata/Info.plist";
				INSTALL_PATH = "$(LOCAL_LIBRARY_DIR)/Frameworks";
				LD_RUNPATH_SEARCH_PATHS = "$(inherited) @executable_path/Frameworks @loader_path/Frameworks";
				PRODUCT_BUNDLE_IDENTIFIER = "com.mikeneko-app.Kanagata";
				PRODUCT_NAME = "$(PROJECT_NAME)";
				SDKROOT = appletvos;
				SKIP_INSTALL = YES;
				SWIFT_VERSION = 3.0;
				TARGETED_DEVICE_FAMILY = 3;
				TVOS_DEPLOYMENT_TARGET = 9.0;
			};
			name = Release;
		};
		0E8856C61DFB17B6001FD2CB /* Debug */ = {
			isa = XCBuildConfiguration;
			buildSettings = {
				ALWAYS_EMBED_SWIFT_STANDARD_LIBRARIES = YES;
				DEVELOPMENT_TEAM = ZA482485NV;
				INFOPLIST_FILE = KanagataTests/Info.plist;
				LD_RUNPATH_SEARCH_PATHS = "$(inherited) @executable_path/Frameworks @loader_path/Frameworks";
				PRODUCT_BUNDLE_IDENTIFIER = "com.mikeneko-app.Kanagata";
				PRODUCT_NAME = "$(PROJECT_NAME)";
				SDKROOT = appletvos;
				SWIFT_VERSION = 3.0;
				TVOS_DEPLOYMENT_TARGET = 10.0;
			};
			name = Debug;
		};
		0E8856C71DFB17B6001FD2CB /* Release */ = {
			isa = XCBuildConfiguration;
			buildSettings = {
				ALWAYS_EMBED_SWIFT_STANDARD_LIBRARIES = YES;
				DEVELOPMENT_TEAM = ZA482485NV;
				INFOPLIST_FILE = KanagataTests/Info.plist;
				LD_RUNPATH_SEARCH_PATHS = "$(inherited) @executable_path/Frameworks @loader_path/Frameworks";
				PRODUCT_BUNDLE_IDENTIFIER = "com.mikeneko-app.Kanagata";
				PRODUCT_NAME = "$(PROJECT_NAME)";
				SDKROOT = appletvos;
				SWIFT_VERSION = 3.0;
				TVOS_DEPLOYMENT_TARGET = 10.0;
			};
			name = Release;
		};
		0E8856D41DFB184E001FD2CB /* Debug */ = {
			isa = XCBuildConfiguration;
			buildSettings = {
				APPLICATION_EXTENSION_API_ONLY = YES;
				CODE_SIGN_IDENTITY = "";
				DEFINES_MODULE = YES;
				DEVELOPMENT_TEAM = "";
				DYLIB_COMPATIBILITY_VERSION = 1;
				DYLIB_CURRENT_VERSION = 1;
				DYLIB_INSTALL_NAME_BASE = "@rpath";
				INFOPLIST_FILE = Kanagata/Info.plist;
				INSTALL_PATH = "$(LOCAL_LIBRARY_DIR)/Frameworks";
				LD_RUNPATH_SEARCH_PATHS = "$(inherited) @executable_path/Frameworks @loader_path/Frameworks";
				PRODUCT_BUNDLE_IDENTIFIER = "com.mikeneko-app.Kanagata";
				PRODUCT_NAME = "$(PROJECT_NAME)";
				SDKROOT = watchos;
				SKIP_INSTALL = YES;
				SWIFT_VERSION = 3.0;
				TARGETED_DEVICE_FAMILY = 4;
				WATCHOS_DEPLOYMENT_TARGET = 2.0;
			};
			name = Debug;
		};
		0E8856D51DFB184E001FD2CB /* Release */ = {
			isa = XCBuildConfiguration;
			buildSettings = {
				APPLICATION_EXTENSION_API_ONLY = YES;
				CODE_SIGN_IDENTITY = "";
				DEFINES_MODULE = YES;
				DEVELOPMENT_TEAM = "";
				DYLIB_COMPATIBILITY_VERSION = 1;
				DYLIB_CURRENT_VERSION = 1;
				DYLIB_INSTALL_NAME_BASE = "@rpath";
				INFOPLIST_FILE = Kanagata/Info.plist;
				INSTALL_PATH = "$(LOCAL_LIBRARY_DIR)/Frameworks";
				LD_RUNPATH_SEARCH_PATHS = "$(inherited) @executable_path/Frameworks @loader_path/Frameworks";
				PRODUCT_BUNDLE_IDENTIFIER = "com.mikeneko-app.Kanagata";
				PRODUCT_NAME = "$(PROJECT_NAME)";
				SDKROOT = watchos;
				SKIP_INSTALL = YES;
				SWIFT_VERSION = 3.0;
				TARGETED_DEVICE_FAMILY = 4;
				WATCHOS_DEPLOYMENT_TARGET = 2.0;
			};
			name = Release;
		};
/* End XCBuildConfiguration section */

/* Begin XCConfigurationList section */
		0E466B281DF85BDC00CE6C49 /* Build configuration list for PBXProject "Kanagata" */ = {
			isa = XCConfigurationList;
			buildConfigurations = (
				0E466B401DF85BDD00CE6C49 /* Debug */,
				0E466B411DF85BDD00CE6C49 /* Release */,
			);
			defaultConfigurationIsVisible = 0;
			defaultConfigurationName = Release;
		};
		0E466B421DF85BDD00CE6C49 /* Build configuration list for PBXNativeTarget "Kanagata-iOS" */ = {
			isa = XCConfigurationList;
			buildConfigurations = (
				0E466B431DF85BDD00CE6C49 /* Debug */,
				0E466B441DF85BDD00CE6C49 /* Release */,
			);
			defaultConfigurationIsVisible = 0;
			defaultConfigurationName = Release;
		};
		0E466B451DF85BDD00CE6C49 /* Build configuration list for PBXNativeTarget "KanagataTests-iOS" */ = {
			isa = XCConfigurationList;
			buildConfigurations = (
				0E466B461DF85BDD00CE6C49 /* Debug */,
				0E466B471DF85BDD00CE6C49 /* Release */,
			);
			defaultConfigurationIsVisible = 0;
			defaultConfigurationName = Release;
		};
		0E8856A51DFB1674001FD2CB /* Build configuration list for PBXNativeTarget "Kanagata-macOS" */ = {
			isa = XCConfigurationList;
			buildConfigurations = (
				0E8856A61DFB1674001FD2CB /* Debug */,
				0E8856A71DFB1674001FD2CB /* Release */,
			);
			defaultConfigurationIsVisible = 0;
			defaultConfigurationName = Release;
		};
		0E8856A81DFB1674001FD2CB /* Build configuration list for PBXNativeTarget "Kanagata-macOSTests" */ = {
			isa = XCConfigurationList;
			buildConfigurations = (
				0E8856A91DFB1674001FD2CB /* Debug */,
				0E8856AA1DFB1674001FD2CB /* Release */,
			);
			defaultConfigurationIsVisible = 0;
			defaultConfigurationName = Release;
		};
		0E8856C21DFB17B6001FD2CB /* Build configuration list for PBXNativeTarget "Kanagata-tvOS" */ = {
			isa = XCConfigurationList;
			buildConfigurations = (
				0E8856C31DFB17B6001FD2CB /* Debug */,
				0E8856C41DFB17B6001FD2CB /* Release */,
			);
			defaultConfigurationIsVisible = 0;
			defaultConfigurationName = Release;
		};
		0E8856C51DFB17B6001FD2CB /* Build configuration list for PBXNativeTarget "Kanagata-tvOSTests" */ = {
			isa = XCConfigurationList;
			buildConfigurations = (
				0E8856C61DFB17B6001FD2CB /* Debug */,
				0E8856C71DFB17B6001FD2CB /* Release */,
			);
			defaultConfigurationIsVisible = 0;
			defaultConfigurationName = Release;
		};
		0E8856D31DFB184E001FD2CB /* Build configuration list for PBXNativeTarget "Kanagata-watchOS" */ = {
			isa = XCConfigurationList;
			buildConfigurations = (
				0E8856D41DFB184E001FD2CB /* Debug */,
				0E8856D51DFB184E001FD2CB /* Release */,
			);
			defaultConfigurationIsVisible = 0;
			defaultConfigurationName = Release;
		};
/* End XCConfigurationList section */
	};
	rootObject = 0E466B251DF85BDC00CE6C49 /* Project object */;
}
